
Microsoft Visual Studio Solution File, Format Version 12.00
# Visual Studio 15
Project("{FAE04EC0-301F-11D3-BF4B-00C04F79EFBC}") = "Assembly-CSharp", "Assembly-CSharp.csproj", "{DC0ED6F2-A791-1590-9649-0647E64D06DB}"
EndProject
Project("{FAE04EC0-301F-11D3-BF4B-00C04F79EFBC}") = "Assembly-CSharp-Editor", "Assembly-CSharp-Editor.csproj", "{FC1E4860-DF5D-D039-5CB2-4AAB06B3E589}"
EndProject
Global
	GlobalSection(SolutionConfigurationPlatforms) = preSolution
		Debug|Any CPU = Debug|Any CPU
		Release|Any CPU = Release|Any CPU
	EndGlobalSection
	GlobalSection(ProjectConfigurationPlatforms) = postSolution
		{DC0ED6F2-A791-1590-9649-0647E64D06DB}.Debug|Any CPU.ActiveCfg = Debug|Any CPU
		{DC0ED6F2-A791-1590-9649-0647E64D06DB}.Debug|Any CPU.Build.0 = Debug|Any CPU
		{DC0ED6F2-A791-1590-9649-0647E64D06DB}.Release|Any CPU.ActiveCfg = Release|Any CPU
		{DC0ED6F2-A791-1590-9649-0647E64D06DB}.Release|Any CPU.Build.0 = Release|Any CPU
		{FC1E4860-DF5D-D039-5CB2-4AAB06B3E589}.Debug|Any CPU.ActiveCfg = Debug|Any CPU
		{FC1E4860-DF5D-D039-5CB2-4AAB06B3E589}.Debug|Any CPU.Build.0 = Debug|Any CPU
		{FC1E4860-DF5D-D039-5CB2-4AAB06B3E589}.Release|Any CPU.ActiveCfg = Release|Any CPU
		{FC1E4860-DF5D-D039-5CB2-4AAB06B3E589}.Release|Any CPU.Build.0 = Release|Any CPU
	EndGlobalSection
	GlobalSection(SolutionProperties) = preSolution
		HideSolutionNode = FALSE
	EndGlobalSection
EndGlobal
